
Microsoft Visual Studio Solution File, Format Version 12.00
# Visual Studio Version 17
VisualStudioVersion = 17.4.33122.133
MinimumVisualStudioVersion = 10.0.40219.1
Project("{9A19103F-16F7-4668-BE54-9A1E7A4F7556}") = "Web", "Web\Web.csproj", "{DA5B0DA4-5A1C-4C98-A3AB-09332C35449D}"
EndProject
Project("{9A19103F-16F7-4668-BE54-9A1E7A4F7556}") = "Application", "Application\Application.csproj", "{AA98D579-FE17-489D-9613-EC4C000D12D1}"
EndProject
Project("{9A19103F-16F7-4668-BE54-9A1E7A4F7556}") = "Infrastructure", "Infrastructure\Infrastructure.csproj", "{B854F38A-2658-4B4E-9D43-E92069272313}"
EndProject
Project("{9A19103F-16F7-4668-BE54-9A1E7A4F7556}") = "Domain", "Domain\Domain.csproj", "{35A4545A-D39D-4AB6-97FE-EDC6E7500758}"
EndProject
Project("{2150E333-8FDC-42A3-9474-1A3956D46DE8}") = "Tests", "Tests", "{04E2AC35-0E25-48F6-A1A4-4CEAF32EBE83}"
EndProject
Project("{9A19103F-16F7-4668-BE54-9A1E7A4F7556}") = "Unit", "Tests\Unit\Unit.csproj", "{CF5F5760-6B9B-4C73-AD7C-B4DE124F89C7}"
EndProject
Project("{9A19103F-16F7-4668-BE54-9A1E7A4F7556}") = "Integration", "Tests\Integration\Integration.csproj", "{F819384C-3962-4DFE-A1AE-D263600EF3B5}"
EndProject
Project("{FAE04EC0-301F-11D3-BF4B-00C04F79EFBC}") = "Benchmark", "Benchmark\Benchmark.csproj", "{688358C1-8DC1-4DD9-8ABA-B4F55A3C0D06}"
EndProject
Global
	GlobalSection(SolutionConfigurationPlatforms) = preSolution
		Debug|Any CPU = Debug|Any CPU
		Release|Any CPU = Release|Any CPU
	EndGlobalSection
	GlobalSection(ProjectConfigurationPlatforms) = postSolution
		{DA5B0DA4-5A1C-4C98-A3AB-09332C35449D}.Debug|Any CPU.ActiveCfg = Debug|Any CPU
		{DA5B0DA4-5A1C-4C98-A3AB-09332C35449D}.Debug|Any CPU.Build.0 = Debug|Any CPU
		{DA5B0DA4-5A1C-4C98-A3AB-09332C35449D}.Release|Any CPU.ActiveCfg = Release|Any CPU
		{DA5B0DA4-5A1C-4C98-A3AB-09332C35449D}.Release|Any CPU.Build.0 = Release|Any CPU
		{AA98D579-FE17-489D-9613-EC4C000D12D1}.Debug|Any CPU.ActiveCfg = Debug|Any CPU
		{AA98D579-FE17-489D-9613-EC4C000D12D1}.Debug|Any CPU.Build.0 = Debug|Any CPU
		{AA98D579-FE17-489D-9613-EC4C000D12D1}.Release|Any CPU.ActiveCfg = Release|Any CPU
		{AA98D579-FE17-489D-9613-EC4C000D12D1}.Release|Any CPU.Build.0 = Release|Any CPU
		{B854F38A-2658-4B4E-9D43-E92069272313}.Debug|Any CPU.ActiveCfg = Debug|Any CPU
		{B854F38A-2658-4B4E-9D43-E92069272313}.Debug|Any CPU.Build.0 = Debug|Any CPU
		{B854F38A-2658-4B4E-9D43-E92069272313}.Release|Any CPU.ActiveCfg = Release|Any CPU
		{B854F38A-2658-4B4E-9D43-E92069272313}.Release|Any CPU.Build.0 = Release|Any CPU
		{35A4545A-D39D-4AB6-97FE-EDC6E7500758}.Debug|Any CPU.ActiveCfg = Debug|Any CPU
		{35A4545A-D39D-4AB6-97FE-EDC6E7500758}.Debug|Any CPU.Build.0 = Debug|Any CPU
		{35A4545A-D39D-4AB6-97FE-EDC6E7500758}.Release|Any CPU.ActiveCfg = Release|Any CPU
		{35A4545A-D39D-4AB6-97FE-EDC6E7500758}.Release|Any CPU.Build.0 = Release|Any CPU
		{CF5F5760-6B9B-4C73-AD7C-B4DE124F89C7}.Debug|Any CPU.ActiveCfg = Debug|Any CPU
		{CF5F5760-6B9B-4C73-AD7C-B4DE124F89C7}.Debug|Any CPU.Build.0 = Debug|Any CPU
		{CF5F5760-6B9B-4C73-AD7C-B4DE124F89C7}.Release|Any CPU.ActiveCfg = Release|Any CPU
		{CF5F5760-6B9B-4C73-AD7C-B4DE124F89C7}.Release|Any CPU.Build.0 = Release|Any CPU
		{F819384C-3962-4DFE-A1AE-D263600EF3B5}.Debug|Any CPU.ActiveCfg = Debug|Any CPU
		{F819384C-3962-4DFE-A1AE-D263600EF3B5}.Debug|Any CPU.Build.0 = Debug|Any CPU
		{F819384C-3962-4DFE-A1AE-D263600EF3B5}.Release|Any CPU.ActiveCfg = Release|Any CPU
		{F819384C-3962-4DFE-A1AE-D263600EF3B5}.Release|Any CPU.Build.0 = Release|Any CPU
		{688358C1-8DC1-4DD9-8ABA-B4F55A3C0D06}.Debug|Any CPU.ActiveCfg = Debug|Any CPU
		{688358C1-8DC1-4DD9-8ABA-B4F55A3C0D06}.Debug|Any CPU.Build.0 = Debug|Any CPU
		{688358C1-8DC1-4DD9-8ABA-B4F55A3C0D06}.Release|Any CPU.ActiveCfg = Release|Any CPU
		{688358C1-8DC1-4DD9-8ABA-B4F55A3C0D06}.Release|Any CPU.Build.0 = Release|Any CPU
	EndGlobalSection
	GlobalSection(SolutionProperties) = preSolution
		HideSolutionNode = FALSE
	EndGlobalSection
	GlobalSection(NestedProjects) = preSolution
		{CF5F5760-6B9B-4C73-AD7C-B4DE124F89C7} = {04E2AC35-0E25-48F6-A1A4-4CEAF32EBE83}
		{F819384C-3962-4DFE-A1AE-D263600EF3B5} = {04E2AC35-0E25-48F6-A1A4-4CEAF32EBE83}
	EndGlobalSection
	GlobalSection(ExtensibilityGlobals) = postSolution
		SolutionGuid = {9DED4126-6CCA-4979-8061-52E21BE9FB0F}
	EndGlobalSection
EndGlobal
