
Microsoft Visual Studio Solution File, Format Version 12.00
# Visual Studio Version 17
VisualStudioVersion = 17.4.33122.133
MinimumVisualStudioVersion = 10.0.40219.1
Project("{FAE04EC0-301F-11D3-BF4B-00C04F79EFBC}") = "Web", "Web\Web.csproj", "{DA5B0DA4-5A1C-4C98-A3AB-09332C35449D}"
EndProject
Project("{FAE04EC0-301F-11D3-BF4B-00C04F79EFBC}") = "Application", "Application\Application.csproj", "{AA98D579-FE17-489D-9613-EC4C000D12D1}"
EndProject
Project("{FAE04EC0-301F-11D3-BF4B-00C04F79EFBC}") = "Infrastructure", "Infrastructure\Infrastructure.csproj", "{B854F38A-2658-4B4E-9D43-E92069272313}"
EndProject
Project("{FAE04EC0-301F-11D3-BF4B-00C04F79EFBC}") = "Domain", "Domain\Domain.csproj", "{35A4545A-D39D-4AB6-97FE-EDC6E7500758}"
EndProject
Global
	GlobalSection(SolutionConfigurationPlatforms) = preSolution
		Debug|Any CPU = Debug|Any CPU
		Release|Any CPU = Release|Any CPU
	EndGlobalSection
	GlobalSection(ProjectConfigurationPlatforms) = postSolution
		{DA5B0DA4-5A1C-4C98-A3AB-09332C35449D}.Debug|Any CPU.ActiveCfg = Debug|Any CPU
		{DA5B0DA4-5A1C-4C98-A3AB-09332C35449D}.Debug|Any CPU.Build.0 = Debug|Any CPU
		{DA5B0DA4-5A1C-4C98-A3AB-09332C35449D}.Release|Any CPU.ActiveCfg = Release|Any CPU
		{DA5B0DA4-5A1C-4C98-A3AB-09332C35449D}.Release|Any CPU.Build.0 = Release|Any CPU
		{AA98D579-FE17-489D-9613-EC4C000D12D1}.Debug|Any CPU.ActiveCfg = Debug|Any CPU
		{AA98D579-FE17-489D-9613-EC4C000D12D1}.Debug|Any CPU.Build.0 = Debug|Any CPU
		{AA98D579-FE17-489D-9613-EC4C000D12D1}.Release|Any CPU.ActiveCfg = Release|Any CPU
		{AA98D579-FE17-489D-9613-EC4C000D12D1}.Release|Any CPU.Build.0 = Release|Any CPU
		{B854F38A-2658-4B4E-9D43-E92069272313}.Debug|Any CPU.ActiveCfg = Debug|Any CPU
		{B854F38A-2658-4B4E-9D43-E92069272313}.Debug|Any CPU.Build.0 = Debug|Any CPU
		{B854F38A-2658-4B4E-9D43-E92069272313}.Release|Any CPU.ActiveCfg = Release|Any CPU
		{B854F38A-2658-4B4E-9D43-E92069272313}.Release|Any CPU.Build.0 = Release|Any CPU
		{35A4545A-D39D-4AB6-97FE-EDC6E7500758}.Debug|Any CPU.ActiveCfg = Debug|Any CPU
		{35A4545A-D39D-4AB6-97FE-EDC6E7500758}.Debug|Any CPU.Build.0 = Debug|Any CPU
		{35A4545A-D39D-4AB6-97FE-EDC6E7500758}.Release|Any CPU.ActiveCfg = Release|Any CPU
		{35A4545A-D39D-4AB6-97FE-EDC6E7500758}.Release|Any CPU.Build.0 = Release|Any CPU
	EndGlobalSection
	GlobalSection(SolutionProperties) = preSolution
		HideSolutionNode = FALSE
	EndGlobalSection
	GlobalSection(ExtensibilityGlobals) = postSolution
		SolutionGuid = {9DED4126-6CCA-4979-8061-52E21BE9FB0F}
	EndGlobalSection
EndGlobal
